// !$*UTF8*$!
{
	archiveVersion = 1;
	classes = {
	};
	objectVersion = 55;
	objects = {

/* Begin PBXBuildFile section */
		A5FB12A2282432B300F19FA4 /* AppDelegate.swift in Sources */ = {isa = PBXBuildFile; fileRef = A5FB12A1282432B300F19FA4 /* AppDelegate.swift */; };
		A5FB12A4282432B300F19FA4 /* SceneDelegate.swift in Sources */ = {isa = PBXBuildFile; fileRef = A5FB12A3282432B300F19FA4 /* SceneDelegate.swift */; };
		A5FB12A6282432B300F19FA4 /* ViewController.swift in Sources */ = {isa = PBXBuildFile; fileRef = A5FB12A5282432B300F19FA4 /* ViewController.swift */; };
		A5FB12A9282432B300F19FA4 /* Main.storyboard in Resources */ = {isa = PBXBuildFile; fileRef = A5FB12A7282432B300F19FA4 /* Main.storyboard */; };
		A5FB12AB282432B500F19FA4 /* Assets.xcassets in Resources */ = {isa = PBXBuildFile; fileRef = A5FB12AA282432B500F19FA4 /* Assets.xcassets */; };
		A5FB12AE282432B500F19FA4 /* LaunchScreen.storyboard in Resources */ = {isa = PBXBuildFile; fileRef = A5FB12AC282432B500F19FA4 /* LaunchScreen.storyboard */; };
		A5FB12B9282432B500F19FA4 /* SliderTests.swift in Sources */ = {isa = PBXBuildFile; fileRef = A5FB12B8282432B500F19FA4 /* SliderTests.swift */; };
		A5FB12C3282432B500F19FA4 /* SliderUITests.swift in Sources */ = {isa = PBXBuildFile; fileRef = A5FB12C2282432B500F19FA4 /* SliderUITests.swift */; };
		A5FB12C5282432B500F19FA4 /* SliderUITestsLaunchTests.swift in Sources */ = {isa = PBXBuildFile; fileRef = A5FB12C4282432B500F19FA4 /* SliderUITestsLaunchTests.swift */; };
/* End PBXBuildFile section */

/* Begin PBXContainerItemProxy section */
		A5FB12B5282432B500F19FA4 /* PBXContainerItemProxy */ = {
			isa = PBXContainerItemProxy;
			containerPortal = A5FB1296282432B300F19FA4 /* Project object */;
			proxyType = 1;
			remoteGlobalIDString = A5FB129D282432B300F19FA4;
			remoteInfo = Slider;
		};
		A5FB12BF282432B500F19FA4 /* PBXContainerItemProxy */ = {
			isa = PBXContainerItemProxy;
			containerPortal = A5FB1296282432B300F19FA4 /* Project object */;
			proxyType = 1;
			remoteGlobalIDString = A5FB129D282432B300F19FA4;
			remoteInfo = Slider;
		};
/* End PBXContainerItemProxy section */

/* Begin PBXFileReference section */
		A5FB129E282432B300F19FA4 /* Slider.app */ = {isa = PBXFileReference; explicitFileType = wrapper.application; includeInIndex = 0; path = Slider.app; sourceTree = BUILT_PRODUCTS_DIR; };
		A5FB12A1282432B300F19FA4 /* AppDelegate.swift */ = {isa = PBXFileReference; lastKnownFileType = sourcecode.swift; path = AppDelegate.swift; sourceTree = "<group>"; };
		A5FB12A3282432B300F19FA4 /* SceneDelegate.swift */ = {isa = PBXFileReference; lastKnownFileType = sourcecode.swift; path = SceneDelegate.swift; sourceTree = "<group>"; };
		A5FB12A5282432B300F19FA4 /* ViewController.swift */ = {isa = PBXFileReference; lastKnownFileType = sourcecode.swift; path = ViewController.swift; sourceTree = "<group>"; };
		A5FB12A8282432B300F19FA4 /* Base */ = {isa = PBXFileReference; lastKnownFileType = file.storyboard; name = Base; path = Base.lproj/Main.storyboard; sourceTree = "<group>"; };
		A5FB12AA282432B500F19FA4 /* Assets.xcassets */ = {isa = PBXFileReference; lastKnownFileType = folder.assetcatalog; path = Assets.xcassets; sourceTree = "<group>"; };
		A5FB12AD282432B500F19FA4 /* Base */ = {isa = PBXFileReference; lastKnownFileType = file.storyboard; name = Base; path = Base.lproj/LaunchScreen.storyboard; sourceTree = "<group>"; };
		A5FB12AF282432B500F19FA4 /* Info.plist */ = {isa = PBXFileReference; lastKnownFileType = text.plist.xml; path = Info.plist; sourceTree = "<group>"; };
		A5FB12B4282432B500F19FA4 /* SliderTests.xctest */ = {isa = PBXFileReference; explicitFileType = wrapper.cfbundle; includeInIndex = 0; path = SliderTests.xctest; sourceTree = BUILT_PRODUCTS_DIR; };
		A5FB12B8282432B500F19FA4 /* SliderTests.swift */ = {isa = PBXFileReference; lastKnownFileType = sourcecode.swift; path = SliderTests.swift; sourceTree = "<group>"; };
		A5FB12BE282432B500F19FA4 /* SliderUITests.xctest */ = {isa = PBXFileReference; explicitFileType = wrapper.cfbundle; includeInIndex = 0; path = SliderUITests.xctest; sourceTree = BUILT_PRODUCTS_DIR; };
		A5FB12C2282432B500F19FA4 /* SliderUITests.swift */ = {isa = PBXFileReference; lastKnownFileType = sourcecode.swift; path = SliderUITests.swift; sourceTree = "<group>"; };
		A5FB12C4282432B500F19FA4 /* SliderUITestsLaunchTests.swift */ = {isa = PBXFileReference; lastKnownFileType = sourcecode.swift; path = SliderUITestsLaunchTests.swift; sourceTree = "<group>"; };
/* End PBXFileReference section */

/* Begin PBXFrameworksBuildPhase section */
		A5FB129B282432B300F19FA4 /* Frameworks */ = {
			isa = PBXFrameworksBuildPhase;
			buildActionMask = 2147483647;
			files = (
			);
			runOnlyForDeploymentPostprocessing = 0;
		};
		A5FB12B1282432B500F19FA4 /* Frameworks */ = {
			isa = PBXFrameworksBuildPhase;
			buildActionMask = 2147483647;
			files = (
			);
			runOnlyForDeploymentPostprocessing = 0;
		};
		A5FB12BB282432B500F19FA4 /* Frameworks */ = {
			isa = PBXFrameworksBuildPhase;
			buildActionMask = 2147483647;
			files = (
			);
			runOnlyForDeploymentPostprocessing = 0;
		};
/* End PBXFrameworksBuildPhase section */

/* Begin PBXGroup section */
		A5FB1295282432B300F19FA4 = {
			isa = PBXGroup;
			children = (
				A5FB12A0282432B300F19FA4 /* Slider */,
				A5FB12B7282432B500F19FA4 /* SliderTests */,
				A5FB12C1282432B500F19FA4 /* SliderUITests */,
				A5FB129F282432B300F19FA4 /* Products */,
			);
			sourceTree = "<group>";
		};
		A5FB129F282432B300F19FA4 /* Products */ = {
			isa = PBXGroup;
			children = (
				A5FB129E282432B300F19FA4 /* Slider.app */,
				A5FB12B4282432B500F19FA4 /* SliderTests.xctest */,
				A5FB12BE282432B500F19FA4 /* SliderUITests.xctest */,
			);
			name = Products;
			sourceTree = "<group>";
		};
		A5FB12A0282432B300F19FA4 /* Slider */ = {
			isa = PBXGroup;
			children = (
				A5FB12A1282432B300F19FA4 /* AppDelegate.swift */,
				A5FB12A3282432B300F19FA4 /* SceneDelegate.swift */,
				A5FB12A5282432B300F19FA4 /* ViewController.swift */,
				A5FB12A7282432B300F19FA4 /* Main.storyboard */,
				A5FB12AA282432B500F19FA4 /* Assets.xcassets */,
				A5FB12AC282432B500F19FA4 /* LaunchScreen.storyboard */,
				A5FB12AF282432B500F19FA4 /* Info.plist */,
			);
			path = Slider;
			sourceTree = "<group>";
		};
		A5FB12B7282432B500F19FA4 /* SliderTests */ = {
			isa = PBXGroup;
			children = (
				A5FB12B8282432B500F19FA4 /* SliderTests.swift */,
			);
			path = SliderTests;
			sourceTree = "<group>";
		};
		A5FB12C1282432B500F19FA4 /* SliderUITests */ = {
			isa = PBXGroup;
			children = (
				A5FB12C2282432B500F19FA4 /* SliderUITests.swift */,
				A5FB12C4282432B500F19FA4 /* SliderUITestsLaunchTests.swift */,
			);
			path = SliderUITests;
			sourceTree = "<group>";
		};
/* End PBXGroup section */

/* Begin PBXNativeTarget section */
		A5FB129D282432B300F19FA4 /* Slider */ = {
			isa = PBXNativeTarget;
			buildConfigurationList = A5FB12C8282432B500F19FA4 /* Build configuration list for PBXNativeTarget "Slider" */;
			buildPhases = (
				A5FB129A282432B300F19FA4 /* Sources */,
				A5FB129B282432B300F19FA4 /* Frameworks */,
				A5FB129C282432B300F19FA4 /* Resources */,
			);
			buildRules = (
			);
			dependencies = (
			);
			name = Slider;
			productName = Slider;
			productReference = A5FB129E282432B300F19FA4 /* Slider.app */;
			productType = "com.apple.product-type.application";
		};
		A5FB12B3282432B500F19FA4 /* SliderTests */ = {
			isa = PBXNativeTarget;
			buildConfigurationList = A5FB12CB282432B500F19FA4 /* Build configuration list for PBXNativeTarget "SliderTests" */;
			buildPhases = (
				A5FB12B0282432B500F19FA4 /* Sources */,
				A5FB12B1282432B500F19FA4 /* Frameworks */,
				A5FB12B2282432B500F19FA4 /* Resources */,
			);
			buildRules = (
			);
			dependencies = (
				A5FB12B6282432B500F19FA4 /* PBXTargetDependency */,
			);
			name = SliderTests;
			productName = SliderTests;
			productReference = A5FB12B4282432B500F19FA4 /* SliderTests.xctest */;
			productType = "com.apple.product-type.bundle.unit-test";
		};
		A5FB12BD282432B500F19FA4 /* SliderUITests */ = {
			isa = PBXNativeTarget;
			buildConfigurationList = A5FB12CE282432B500F19FA4 /* Build configuration list for PBXNativeTarget "SliderUITests" */;
			buildPhases = (
				A5FB12BA282432B500F19FA4 /* Sources */,
				A5FB12BB282432B500F19FA4 /* Frameworks */,
				A5FB12BC282432B500F19FA4 /* Resources */,
			);
			buildRules = (
			);
			dependencies = (
				A5FB12C0282432B500F19FA4 /* PBXTargetDependency */,
			);
			name = SliderUITests;
			productName = SliderUITests;
			productReference = A5FB12BE282432B500F19FA4 /* SliderUITests.xctest */;
			productType = "com.apple.product-type.bundle.ui-testing";
		};
/* End PBXNativeTarget section */

/* Begin PBXProject section */
		A5FB1296282432B300F19FA4 /* Project object */ = {
			isa = PBXProject;
			attributes = {
				BuildIndependentTargetsInParallel = 1;
				LastSwiftUpdateCheck = 1330;
				LastUpgradeCheck = 1330;
				TargetAttributes = {
					A5FB129D282432B300F19FA4 = {
						CreatedOnToolsVersion = 13.3.1;
					};
					A5FB12B3282432B500F19FA4 = {
						CreatedOnToolsVersion = 13.3.1;
						TestTargetID = A5FB129D282432B300F19FA4;
					};
					A5FB12BD282432B500F19FA4 = {
						CreatedOnToolsVersion = 13.3.1;
						TestTargetID = A5FB129D282432B300F19FA4;
					};
				};
			};
			buildConfigurationList = A5FB1299282432B300F19FA4 /* Build configuration list for PBXProject "Slider" */;
			compatibilityVersion = "Xcode 13.0";
			developmentRegion = en;
			hasScannedForEncodings = 0;
			knownRegions = (
				en,
				Base,
			);
			mainGroup = A5FB1295282432B300F19FA4;
			productRefGroup = A5FB129F282432B300F19FA4 /* Products */;
			projectDirPath = "";
			projectRoot = "";
			targets = (
				A5FB129D282432B300F19FA4 /* Slider */,
				A5FB12B3282432B500F19FA4 /* SliderTests */,
				A5FB12BD282432B500F19FA4 /* SliderUITests */,
			);
		};
/* End PBXProject section */

/* Begin PBXResourcesBuildPhase section */
		A5FB129C282432B300F19FA4 /* Resources */ = {
			isa = PBXResourcesBuildPhase;
			buildActionMask = 2147483647;
			files = (
				A5FB12AE282432B500F19FA4 /* LaunchScreen.storyboard in Resources */,
				A5FB12AB282432B500F19FA4 /* Assets.xcassets in Resources */,
				A5FB12A9282432B300F19FA4 /* Main.storyboard in Resources */,
			);
			runOnlyForDeploymentPostprocessing = 0;
		};
		A5FB12B2282432B500F19FA4 /* Resources */ = {
			isa = PBXResourcesBuildPhase;
			buildActionMask = 2147483647;
			files = (
			);
			runOnlyForDeploymentPostprocessing = 0;
		};
		A5FB12BC282432B500F19FA4 /* Resources */ = {
			isa = PBXResourcesBuildPhase;
			buildActionMask = 2147483647;
			files = (
			);
			runOnlyForDeploymentPostprocessing = 0;
		};
/* End PBXResourcesBuildPhase section */

/* Begin PBXSourcesBuildPhase section */
		A5FB129A282432B300F19FA4 /* Sources */ = {
			isa = PBXSourcesBuildPhase;
			buildActionMask = 2147483647;
			files = (
				A5FB12A6282432B300F19FA4 /* ViewController.swift in Sources */,
				A5FB12A2282432B300F19FA4 /* AppDelegate.swift in Sources */,
				A5FB12A4282432B300F19FA4 /* SceneDelegate.swift in Sources */,
			);
			runOnlyForDeploymentPostprocessing = 0;
		};
		A5FB12B0282432B500F19FA4 /* Sources */ = {
			isa = PBXSourcesBuildPhase;
			buildActionMask = 2147483647;
			files = (
				A5FB12B9282432B500F19FA4 /* SliderTests.swift in Sources */,
			);
			runOnlyForDeploymentPostprocessing = 0;
		};
		A5FB12BA282432B500F19FA4 /* Sources */ = {
			isa = PBXSourcesBuildPhase;
			buildActionMask = 2147483647;
			files = (
				A5FB12C3282432B500F19FA4 /* SliderUITests.swift in Sources */,
				A5FB12C5282432B500F19FA4 /* SliderUITestsLaunchTests.swift in Sources */,
			);
			runOnlyForDeploymentPostprocessing = 0;
		};
/* End PBXSourcesBuildPhase section */

/* Begin PBXTargetDependency section */
		A5FB12B6282432B500F19FA4 /* PBXTargetDependency */ = {
			isa = PBXTargetDependency;
			target = A5FB129D282432B300F19FA4 /* Slider */;
			targetProxy = A5FB12B5282432B500F19FA4 /* PBXContainerItemProxy */;
		};
		A5FB12C0282432B500F19FA4 /* PBXTargetDependency */ = {
			isa = PBXTargetDependency;
			target = A5FB129D282432B300F19FA4 /* Slider */;
			targetProxy = A5FB12BF282432B500F19FA4 /* PBXContainerItemProxy */;
		};
/* End PBXTargetDependency section */

/* Begin PBXVariantGroup section */
		A5FB12A7282432B300F19FA4 /* Main.storyboard */ = {
			isa = PBXVariantGroup;
			children = (
				A5FB12A8282432B300F19FA4 /* Base */,
			);
			name = Main.storyboard;
			sourceTree = "<group>";
		};
		A5FB12AC282432B500F19FA4 /* LaunchScreen.storyboard */ = {
			isa = PBXVariantGroup;
			children = (
				A5FB12AD282432B500F19FA4 /* Base */,
			);
			name = LaunchScreen.storyboard;
			sourceTree = "<group>";
		};
/* End PBXVariantGroup section */

/* Begin XCBuildConfiguration section */
		A5FB12C6282432B500F19FA4 /* Debug */ = {
			isa = XCBuildConfiguration;
			buildSettings = {
				ALWAYS_SEARCH_USER_PATHS = NO;
				CLANG_ANALYZER_NONNULL = YES;
				CLANG_ANALYZER_NUMBER_OBJECT_CONVERSION = YES_AGGRESSIVE;
				CLANG_CXX_LANGUAGE_STANDARD = "gnu++17";
				CLANG_ENABLE_MODULES = YES;
				CLANG_ENABLE_OBJC_ARC = YES;
				CLANG_ENABLE_OBJC_WEAK = YES;
				CLANG_WARN_BLOCK_CAPTURE_AUTORELEASING = YES;
				CLANG_WARN_BOOL_CONVERSION = YES;
				CLANG_WARN_COMMA = YES;
				CLANG_WARN_CONSTANT_CONVERSION = YES;
				CLANG_WARN_DEPRECATED_OBJC_IMPLEMENTATIONS = YES;
				CLANG_WARN_DIRECT_OBJC_ISA_USAGE = YES_ERROR;
				CLANG_WARN_DOCUMENTATION_COMMENTS = YES;
				CLANG_WARN_EMPTY_BODY = YES;
				CLANG_WARN_ENUM_CONVERSION = YES;
				CLANG_WARN_INFINITE_RECURSION = YES;
				CLANG_WARN_INT_CONVERSION = YES;
				CLANG_WARN_NON_LITERAL_NULL_CONVERSION = YES;
				CLANG_WARN_OBJC_IMPLICIT_RETAIN_SELF = YES;
				CLANG_WARN_OBJC_LITERAL_CONVERSION = YES;
				CLANG_WARN_OBJC_ROOT_CLASS = YES_ERROR;
				CLANG_WARN_QUOTED_INCLUDE_IN_FRAMEWORK_HEADER = YES;
				CLANG_WARN_RANGE_LOOP_ANALYSIS = YES;
				CLANG_WARN_STRICT_PROTOTYPES = YES;
				CLANG_WARN_SUSPICIOUS_MOVE = YES;
				CLANG_WARN_UNGUARDED_AVAILABILITY = YES_AGGRESSIVE;
				CLANG_WARN_UNREACHABLE_CODE = YES;
				CLANG_WARN__DUPLICATE_METHOD_MATCH = YES;
				COPY_PHASE_STRIP = NO;
				DEBUG_INFORMATION_FORMAT = dwarf;
				ENABLE_STRICT_OBJC_MSGSEND = YES;
				ENABLE_TESTABILITY = YES;
				GCC_C_LANGUAGE_STANDARD = gnu11;
				GCC_DYNAMIC_NO_PIC = NO;
				GCC_NO_COMMON_BLOCKS = YES;
				GCC_OPTIMIZATION_LEVEL = 0;
				GCC_PREPROCESSOR_DEFINITIONS = (
					"DEBUG=1",
					"$(inherited)",
				);
				GCC_WARN_64_TO_32_BIT_CONVERSION = YES;
				GCC_WARN_ABOUT_RETURN_TYPE = YES_ERROR;
				GCC_WARN_UNDECLARED_SELECTOR = YES;
				GCC_WARN_UNINITIALIZED_AUTOS = YES_AGGRESSIVE;
				GCC_WARN_UNUSED_FUNCTION = YES;
				GCC_WARN_UNUSED_VARIABLE = YES;
				IPHONEOS_DEPLOYMENT_TARGET = 15.4;
				MTL_ENABLE_DEBUG_INFO = INCLUDE_SOURCE;
				MTL_FAST_MATH = YES;
				ONLY_ACTIVE_ARCH = YES;
				SDKROOT = iphoneos;
				SWIFT_ACTIVE_COMPILATION_CONDITIONS = DEBUG;
				SWIFT_OPTIMIZATION_LEVEL = "-Onone";
			};
			name = Debug;
		};
		A5FB12C7282432B500F19FA4 /* Release */ = {
			isa = XCBuildConfiguration;
			buildSettings = {
				ALWAYS_SEARCH_USER_PATHS = NO;
				CLANG_ANALYZER_NONNULL = YES;
				CLANG_ANALYZER_NUMBER_OBJECT_CONVERSION = YES_AGGRESSIVE;
				CLANG_CXX_LANGUAGE_STANDARD = "gnu++17";
				CLANG_ENABLE_MODULES = YES;
				CLANG_ENABLE_OBJC_ARC = YES;
				CLANG_ENABLE_OBJC_WEAK = YES;
				CLANG_WARN_BLOCK_CAPTURE_AUTORELEASING = YES;
				CLANG_WARN_BOOL_CONVERSION = YES;
				CLANG_WARN_COMMA = YES;
				CLANG_WARN_CONSTANT_CONVERSION = YES;
				CLANG_WARN_DEPRECATED_OBJC_IMPLEMENTATIONS = YES;
				CLANG_WARN_DIRECT_OBJC_ISA_USAGE = YES_ERROR;
				CLANG_WARN_DOCUMENTATION_COMMENTS = YES;
				CLANG_WARN_EMPTY_BODY = YES;
				CLANG_WARN_ENUM_CONVERSION = YES;
				CLANG_WARN_INFINITE_RECURSION = YES;
				CLANG_WARN_INT_CONVERSION = YES;
				CLANG_WARN_NON_LITERAL_NULL_CONVERSION = YES;
				CLANG_WARN_OBJC_IMPLICIT_RETAIN_SELF = YES;
				CLANG_WARN_OBJC_LITERAL_CONVERSION = YES;
				CLANG_WARN_OBJC_ROOT_CLASS = YES_ERROR;
				CLANG_WARN_QUOTED_INCLUDE_IN_FRAMEWORK_HEADER = YES;
				CLANG_WARN_RANGE_LOOP_ANALYSIS = YES;
				CLANG_WARN_STRICT_PROTOTYPES = YES;
				CLANG_WARN_SUSPICIOUS_MOVE = YES;
				CLANG_WARN_UNGUARDED_AVAILABILITY = YES_AGGRESSIVE;
				CLANG_WARN_UNREACHABLE_CODE = YES;
				CLANG_WARN__DUPLICATE_METHOD_MATCH = YES;
				COPY_PHASE_STRIP = NO;
				DEBUG_INFORMATION_FORMAT = "dwarf-with-dsym";
				ENABLE_NS_ASSERTIONS = NO;
				ENABLE_STRICT_OBJC_MSGSEND = YES;
				GCC_C_LANGUAGE_STANDARD = gnu11;
				GCC_NO_COMMON_BLOCKS = YES;
				GCC_WARN_64_TO_32_BIT_CONVERSION = YES;
				GCC_WARN_ABOUT_RETURN_TYPE = YES_ERROR;
				GCC_WARN_UNDECLARED_SELECTOR = YES;
				GCC_WARN_UNINITIALIZED_AUTOS = YES_AGGRESSIVE;
				GCC_WARN_UNUSED_FUNCTION = YES;
				GCC_WARN_UNUSED_VARIABLE = YES;
				IPHONEOS_DEPLOYMENT_TARGET = 15.4;
				MTL_ENABLE_DEBUG_INFO = NO;
				MTL_FAST_MATH = YES;
				SDKROOT = iphoneos;
				SWIFT_COMPILATION_MODE = wholemodule;
				SWIFT_OPTIMIZATION_LEVEL = "-O";
				VALIDATE_PRODUCT = YES;
			};
			name = Release;
		};
		A5FB12C9282432B500F19FA4 /* Debug */ = {
			isa = XCBuildConfiguration;
			buildSettings = {
				ASSETCATALOG_COMPILER_APPICON_NAME = AppIcon;
				ASSETCATALOG_COMPILER_GLOBAL_ACCENT_COLOR_NAME = AccentColor;
				CODE_SIGN_STYLE = Automatic;
				CURRENT_PROJECT_VERSION = 1;
				GENERATE_INFOPLIST_FILE = YES;
				INFOPLIST_FILE = Slider/Info.plist;
				INFOPLIST_KEY_UIApplicationSupportsIndirectInputEvents = YES;
				INFOPLIST_KEY_UILaunchStoryboardName = LaunchScreen;
				INFOPLIST_KEY_UIMainStoryboardFile = Main;
				INFOPLIST_KEY_UISupportedInterfaceOrientations_iPad = "UIInterfaceOrientationPortrait UIInterfaceOrientationPortraitUpsideDown UIInterfaceOrientationLandscapeLeft UIInterfaceOrientationLandscapeRight";
				INFOPLIST_KEY_UISupportedInterfaceOrientations_iPhone = "UIInterfaceOrientationPortrait UIInterfaceOrientationLandscapeLeft UIInterfaceOrientationLandscapeRight";
				LD_RUNPATH_SEARCH_PATHS = (
					"$(inherited)",
					"@executable_path/Frameworks",
				);
				MARKETING_VERSION = 1.0;
				PRODUCT_BUNDLE_IDENTIFIER = Karapet.Slider;
				PRODUCT_NAME = "$(TARGET_NAME)";
				SWIFT_EMIT_LOC_STRINGS = YES;
				SWIFT_VERSION = 5.0;
				TARGETED_DEVICE_FAMILY = "1,2";
			};
			name = Debug;
		};
		A5FB12CA282432B500F19FA4 /* Release */ = {
			isa = XCBuildConfiguration;
			buildSettings = {
				ASSETCATALOG_COMPILER_APPICON_NAME = AppIcon;
				ASSETCATALOG_COMPILER_GLOBAL_ACCENT_COLOR_NAME = AccentColor;
				CODE_SIGN_STYLE = Automatic;
				CURRENT_PROJECT_VERSION = 1;
				GENERATE_INFOPLIST_FILE = YES;
				INFOPLIST_FILE = Slider/Info.plist;
				INFOPLIST_KEY_UIApplicationSupportsIndirectInputEvents = YES;
				INFOPLIST_KEY_UILaunchStoryboardName = LaunchScreen;
				INFOPLIST_KEY_UIMainStoryboardFile = Main;
				INFOPLIST_KEY_UISupportedInterfaceOrientations_iPad = "UIInterfaceOrientationPortrait UIInterfaceOrientationPortraitUpsideDown UIInterfaceOrientationLandscapeLeft UIInterfaceOrientationLandscapeRight";
				INFOPLIST_KEY_UISupportedInterfaceOrientations_iPhone = "UIInterfaceOrientationPortrait UIInterfaceOrientationLandscapeLeft UIInterfaceOrientationLandscapeRight";
				LD_RUNPATH_SEARCH_PATHS = (
					"$(inherited)",
					"@executable_path/Frameworks",
				);
				MARKETING_VERSION = 1.0;
				PRODUCT_BUNDLE_IDENTIFIER = Karapet.Slider;
				PRODUCT_NAME = "$(TARGET_NAME)";
				SWIFT_EMIT_LOC_STRINGS = YES;
				SWIFT_VERSION = 5.0;
				TARGETED_DEVICE_FAMILY = "1,2";
			};
			name = Release;
		};
		A5FB12CC282432B500F19FA4 /* Debug */ = {
			isa = XCBuildConfiguration;
			buildSettings = {
				ALWAYS_EMBED_SWIFT_STANDARD_LIBRARIES = YES;
				BUNDLE_LOADER = "$(TEST_HOST)";
				CODE_SIGN_STYLE = Automatic;
				CURRENT_PROJECT_VERSION = 1;
				GENERATE_INFOPLIST_FILE = YES;
				IPHONEOS_DEPLOYMENT_TARGET = 15.4;
				MARKETING_VERSION = 1.0;
				PRODUCT_BUNDLE_IDENTIFIER = Karapet.SliderTests;
				PRODUCT_NAME = "$(TARGET_NAME)";
				SWIFT_EMIT_LOC_STRINGS = NO;
				SWIFT_VERSION = 5.0;
				TARGETED_DEVICE_FAMILY = "1,2";
				TEST_HOST = "$(BUILT_PRODUCTS_DIR)/Slider.app/Slider";
			};
			name = Debug;
		};
		A5FB12CD282432B500F19FA4 /* Release */ = {
			isa = XCBuildConfiguration;
			buildSettings = {
				ALWAYS_EMBED_SWIFT_STANDARD_LIBRARIES = YES;
				BUNDLE_LOADER = "$(TEST_HOST)";
				CODE_SIGN_STYLE = Automatic;
				CURRENT_PROJECT_VERSION = 1;
				GENERATE_INFOPLIST_FILE = YES;
				IPHONEOS_DEPLOYMENT_TARGET = 15.4;
				MARKETING_VERSION = 1.0;
				PRODUCT_BUNDLE_IDENTIFIER = Karapet.SliderTests;
				PRODUCT_NAME = "$(TARGET_NAME)";
				SWIFT_EMIT_LOC_STRINGS = NO;
				SWIFT_VERSION = 5.0;
				TARGETED_DEVICE_FAMILY = "1,2";
				TEST_HOST = "$(BUILT_PRODUCTS_DIR)/Slider.app/Slider";
			};
			name = Release;
		};
		A5FB12CF282432B500F19FA4 /* Debug */ = {
			isa = XCBuildConfiguration;
			buildSettings = {
				ALWAYS_EMBED_SWIFT_STANDARD_LIBRARIES = YES;
				CODE_SIGN_STYLE = Automatic;
				CURRENT_PROJECT_VERSION = 1;
				GENERATE_INFOPLIST_FILE = YES;
				MARKETING_VERSION = 1.0;
				PRODUCT_BUNDLE_IDENTIFIER = Karapet.SliderUITests;
				PRODUCT_NAME = "$(TARGET_NAME)";
				SWIFT_EMIT_LOC_STRINGS = NO;
				SWIFT_VERSION = 5.0;
				TARGETED_DEVICE_FAMILY = "1,2";
				TEST_TARGET_NAME = Slider;
			};
			name = Debug;
		};
		A5FB12D0282432B500F19FA4 /* Release */ = {
			isa = XCBuildConfiguration;
			buildSettings = {
				ALWAYS_EMBED_SWIFT_STANDARD_LIBRARIES = YES;
				CODE_SIGN_STYLE = Automatic;
				CURRENT_PROJECT_VERSION = 1;
				GENERATE_INFOPLIST_FILE = YES;
				MARKETING_VERSION = 1.0;
				PRODUCT_BUNDLE_IDENTIFIER = Karapet.SliderUITests;
				PRODUCT_NAME = "$(TARGET_NAME)";
				SWIFT_EMIT_LOC_STRINGS = NO;
				SWIFT_VERSION = 5.0;
				TARGETED_DEVICE_FAMILY = "1,2";
				TEST_TARGET_NAME = Slider;
			};
			name = Release;
		};
/* End XCBuildConfiguration section */

/* Begin XCConfigurationList section */
		A5FB1299282432B300F19FA4 /* Build configuration list for PBXProject "Slider" */ = {
			isa = XCConfigurationList;
			buildConfigurations = (
				A5FB12C6282432B500F19FA4 /* Debug */,
				A5FB12C7282432B500F19FA4 /* Release */,
			);
			defaultConfigurationIsVisible = 0;
			defaultConfigurationName = Release;
		};
		A5FB12C8282432B500F19FA4 /* Build configuration list for PBXNativeTarget "Slider" */ = {
			isa = XCConfigurationList;
			buildConfigurations = (
				A5FB12C9282432B500F19FA4 /* Debug */,
				A5FB12CA282432B500F19FA4 /* Release */,
			);
			defaultConfigurationIsVisible = 0;
			defaultConfigurationName = Release;
		};
		A5FB12CB282432B500F19FA4 /* Build configuration list for PBXNativeTarget "SliderTests" */ = {
			isa = XCConfigurationList;
			buildConfigurations = (
				A5FB12CC282432B500F19FA4 /* Debug */,
				A5FB12CD282432B500F19FA4 /* Release */,
			);
			defaultConfigurationIsVisible = 0;
			defaultConfigurationName = Release;
		};
		A5FB12CE282432B500F19FA4 /* Build configuration list for PBXNativeTarget "SliderUITests" */ = {
			isa = XCConfigurationList;
			buildConfigurations = (
				A5FB12CF282432B500F19FA4 /* Debug */,
				A5FB12D0282432B500F19FA4 /* Release */,
			);
			defaultConfigurationIsVisible = 0;
			defaultConfigurationName = Release;
		};
/* End XCConfigurationList section */
	};
	rootObject = A5FB1296282432B300F19FA4 /* Project object */;
}
